// !$*UTF8*$!
{
	archiveVersion = 1;
	classes = {
	};
	objectVersion = 50;
	objects = {

/* Begin PBXBuildFile section */
		179B655722963F7900924F61 /* AppDelegate.m in Sources */ = {isa = PBXBuildFile; fileRef = 179B655622963F7900924F61 /* AppDelegate.m */; };
		179B655A22963F7900924F61 /* ViewController.m in Sources */ = {isa = PBXBuildFile; fileRef = 179B655922963F7900924F61 /* ViewController.m */; };
		179B655D22963F7900924F61 /* Main.storyboard in Resources */ = {isa = PBXBuildFile; fileRef = 179B655B22963F7900924F61 /* Main.storyboard */; };
		179B655F22963F7A00924F61 /* Assets.xcassets in Resources */ = {isa = PBXBuildFile; fileRef = 179B655E22963F7A00924F61 /* Assets.xcassets */; };
		179B656222963F7A00924F61 /* LaunchScreen.storyboard in Resources */ = {isa = PBXBuildFile; fileRef = 179B656022963F7A00924F61 /* LaunchScreen.storyboard */; };
		179B656522963F7A00924F61 /* main.m in Sources */ = {isa = PBXBuildFile; fileRef = 179B656422963F7A00924F61 /* main.m */; };
		179B656E22963FFC00924F61 /* UploadFilesTool.m in Sources */ = {isa = PBXBuildFile; fileRef = 179B656D22963FFC00924F61 /* UploadFilesTool.m */; };
		179B657522967EF100924F61 /* UploadFileModel.m in Sources */ = {isa = PBXBuildFile; fileRef = 179B657422967EF100924F61 /* UploadFileModel.m */; };
/* End PBXBuildFile section */

/* Begin PBXFileReference section */
		179B655222963F7900924F61 /* HXWUploadMutableFilesTool.app */ = {isa = PBXFileReference; explicitFileType = wrapper.application; includeInIndex = 0; path = HXWUploadMutableFilesTool.app; sourceTree = BUILT_PRODUCTS_DIR; };
		179B655522963F7900924F61 /* AppDelegate.h */ = {isa = PBXFileReference; lastKnownFileType = sourcecode.c.h; path = AppDelegate.h; sourceTree = "<group>"; };
		179B655622963F7900924F61 /* AppDelegate.m */ = {isa = PBXFileReference; lastKnownFileType = sourcecode.c.objc; path = AppDelegate.m; sourceTree = "<group>"; };
		179B655822963F7900924F61 /* ViewController.h */ = {isa = PBXFileReference; lastKnownFileType = sourcecode.c.h; path = ViewController.h; sourceTree = "<group>"; };
		179B655922963F7900924F61 /* ViewController.m */ = {isa = PBXFileReference; lastKnownFileType = sourcecode.c.objc; path = ViewController.m; sourceTree = "<group>"; };
		179B655C22963F7900924F61 /* Base */ = {isa = PBXFileReference; lastKnownFileType = file.storyboard; name = Base; path = Base.lproj/Main.storyboard; sourceTree = "<group>"; };
		179B655E22963F7A00924F61 /* Assets.xcassets */ = {isa = PBXFileReference; lastKnownFileType = folder.assetcatalog; path = Assets.xcassets; sourceTree = "<group>"; };
		179B656122963F7A00924F61 /* Base */ = {isa = PBXFileReference; lastKnownFileType = file.storyboard; name = Base; path = Base.lproj/LaunchScreen.storyboard; sourceTree = "<group>"; };
		179B656322963F7A00924F61 /* Info.plist */ = {isa = PBXFileReference; lastKnownFileType = text.plist.xml; path = Info.plist; sourceTree = "<group>"; };
		179B656422963F7A00924F61 /* main.m */ = {isa = PBXFileReference; lastKnownFileType = sourcecode.c.objc; path = main.m; sourceTree = "<group>"; };
		179B656C22963FFC00924F61 /* UploadFilesTool.h */ = {isa = PBXFileReference; lastKnownFileType = sourcecode.c.h; path = UploadFilesTool.h; sourceTree = "<group>"; };
		179B656D22963FFC00924F61 /* UploadFilesTool.m */ = {isa = PBXFileReference; lastKnownFileType = sourcecode.c.objc; path = UploadFilesTool.m; sourceTree = "<group>"; };
		179B656F2296452500924F61 /* UploadFileProtocol.h */ = {isa = PBXFileReference; lastKnownFileType = sourcecode.c.h; path = UploadFileProtocol.h; sourceTree = "<group>"; };
		179B657322967EF100924F61 /* UploadFileModel.h */ = {isa = PBXFileReference; lastKnownFileType = sourcecode.c.h; path = UploadFileModel.h; sourceTree = "<group>"; };
		179B657422967EF100924F61 /* UploadFileModel.m */ = {isa = PBXFileReference; lastKnownFileType = sourcecode.c.objc; path = UploadFileModel.m; sourceTree = "<group>"; };
/* End PBXFileReference section */

/* Begin PBXFrameworksBuildPhase section */
		179B654F22963F7900924F61 /* Frameworks */ = {
			isa = PBXFrameworksBuildPhase;
			buildActionMask = 2147483647;
			files = (
			);
			runOnlyForDeploymentPostprocessing = 0;
		};
/* End PBXFrameworksBuildPhase section */

/* Begin PBXGroup section */
		179B654922963F7900924F61 = {
			isa = PBXGroup;
			children = (
				179B655422963F7900924F61 /* HXWUploadMutableFilesTool */,
				179B655322963F7900924F61 /* Products */,
			);
			sourceTree = "<group>";
		};
		179B655322963F7900924F61 /* Products */ = {
			isa = PBXGroup;
			children = (
				179B655222963F7900924F61 /* HXWUploadMutableFilesTool.app */,
			);
			name = Products;
			sourceTree = "<group>";
		};
		179B655422963F7900924F61 /* HXWUploadMutableFilesTool */ = {
			isa = PBXGroup;
			children = (
				179B656B22963F8300924F61 /* Tools */,
				179B655522963F7900924F61 /* AppDelegate.h */,
				179B655622963F7900924F61 /* AppDelegate.m */,
				179B655822963F7900924F61 /* ViewController.h */,
				179B655922963F7900924F61 /* ViewController.m */,
				179B655B22963F7900924F61 /* Main.storyboard */,
				179B655E22963F7A00924F61 /* Assets.xcassets */,
				179B656022963F7A00924F61 /* LaunchScreen.storyboard */,
				179B656322963F7A00924F61 /* Info.plist */,
				179B656422963F7A00924F61 /* main.m */,
			);
			path = HXWUploadMutableFilesTool;
			sourceTree = "<group>";
		};
		179B656B22963F8300924F61 /* Tools */ = {
			isa = PBXGroup;
			children = (
				179B656C22963FFC00924F61 /* UploadFilesTool.h */,
				179B656D22963FFC00924F61 /* UploadFilesTool.m */,
				179B656F2296452500924F61 /* UploadFileProtocol.h */,
				179B657322967EF100924F61 /* UploadFileModel.h */,
				179B657422967EF100924F61 /* UploadFileModel.m */,
			);
			path = Tools;
			sourceTree = "<group>";
		};
/* End PBXGroup section */

/* Begin PBXNativeTarget section */
		179B655122963F7900924F61 /* HXWUploadMutableFilesTool */ = {
			isa = PBXNativeTarget;
			buildConfigurationList = 179B656822963F7A00924F61 /* Build configuration list for PBXNativeTarget "HXWUploadMutableFilesTool" */;
			buildPhases = (
				179B654E22963F7900924F61 /* Sources */,
				179B654F22963F7900924F61 /* Frameworks */,
				179B655022963F7900924F61 /* Resources */,
			);
			buildRules = (
			);
			dependencies = (
			);
			name = HXWUploadMutableFilesTool;
			productName = HXWUploadMutableFilesTool;
			productReference = 179B655222963F7900924F61 /* HXWUploadMutableFilesTool.app */;
			productType = "com.apple.product-type.application";
		};
/* End PBXNativeTarget section */

/* Begin PBXProject section */
		179B654A22963F7900924F61 /* Project object */ = {
			isa = PBXProject;
			attributes = {
				LastUpgradeCheck = 1020;
				ORGANIZATIONNAME = "BTI-HXW";
				TargetAttributes = {
					179B655122963F7900924F61 = {
						CreatedOnToolsVersion = 10.2;
					};
				};
			};
			buildConfigurationList = 179B654D22963F7900924F61 /* Build configuration list for PBXProject "HXWUploadMutableFilesTool" */;
			compatibilityVersion = "Xcode 9.3";
			developmentRegion = en;
			hasScannedForEncodings = 0;
			knownRegions = (
				en,
				Base,
			);
			mainGroup = 179B654922963F7900924F61;
			productRefGroup = 179B655322963F7900924F61 /* Products */;
			projectDirPath = "";
			projectRoot = "";
			targets = (
				179B655122963F7900924F61 /* HXWUploadMutableFilesTool */,
			);
		};
/* End PBXProject section */

/* Begin PBXResourcesBuildPhase section */
		179B655022963F7900924F61 /* Resources */ = {
			isa = PBXResourcesBuildPhase;
			buildActionMask = 2147483647;
			files = (
				179B656222963F7A00924F61 /* LaunchScreen.storyboard in Resources */,
				179B655F22963F7A00924F61 /* Assets.xcassets in Resources */,
				179B655D22963F7900924F61 /* Main.storyboard in Resources */,
			);
			runOnlyForDeploymentPostprocessing = 0;
		};
/* End PBXResourcesBuildPhase section */

/* Begin PBXSourcesBuildPhase section */
		179B654E22963F7900924F61 /* Sources */ = {
			isa = PBXSourcesBuildPhase;
			buildActionMask = 2147483647;
			files = (
				179B655A22963F7900924F61 /* ViewController.m in Sources */,
				179B656522963F7A00924F61 /* main.m in Sources */,
				179B656E22963FFC00924F61 /* UploadFilesTool.m in Sources */,
				179B655722963F7900924F61 /* AppDelegate.m in Sources */,
				179B657522967EF100924F61 /* UploadFileModel.m in Sources */,
			);
			runOnlyForDeploymentPostprocessing = 0;
		};
/* End PBXSourcesBuildPhase section */

/* Begin PBXVariantGroup section */
		179B655B22963F7900924F61 /* Main.storyboard */ = {
			isa = PBXVariantGroup;
			children = (
				179B655C22963F7900924F61 /* Base */,
			);
			name = Main.storyboard;
			sourceTree = "<group>";
		};
		179B656022963F7A00924F61 /* LaunchScreen.storyboard */ = {
			isa = PBXVariantGroup;
			children = (
				179B656122963F7A00924F61 /* Base */,
			);
			name = LaunchScreen.storyboard;
			sourceTree = "<group>";
		};
/* End PBXVariantGroup section */

/* Begin XCBuildConfiguration section */
		179B656622963F7A00924F61 /* Debug */ = {
			isa = XCBuildConfiguration;
			buildSettings = {
				ALWAYS_SEARCH_USER_PATHS = NO;
				CLANG_ANALYZER_NONNULL = YES;
				CLANG_ANALYZER_NUMBER_OBJECT_CONVERSION = YES_AGGRESSIVE;
				CLANG_CXX_LANGUAGE_STANDARD = "gnu++14";
				CLANG_CXX_LIBRARY = "libc++";
				CLANG_ENABLE_MODULES = YES;
				CLANG_ENABLE_OBJC_ARC = YES;
				CLANG_ENABLE_OBJC_WEAK = YES;
				CLANG_WARN_BLOCK_CAPTURE_AUTORELEASING = YES;
				CLANG_WARN_BOOL_CONVERSION = YES;
				CLANG_WARN_COMMA = YES;
				CLANG_WARN_CONSTANT_CONVERSION = YES;
				CLANG_WARN_DEPRECATED_OBJC_IMPLEMENTATIONS = YES;
				CLANG_WARN_DIRECT_OBJC_ISA_USAGE = YES_ERROR;
				CLANG_WARN_DOCUMENTATION_COMMENTS = YES;
				CLANG_WARN_EMPTY_BODY = YES;
				CLANG_WARN_ENUM_CONVERSION = YES;
				CLANG_WARN_INFINITE_RECURSION = YES;
				CLANG_WARN_INT_CONVERSION = YES;
				CLANG_WARN_NON_LITERAL_NULL_CONVERSION = YES;
				CLANG_WARN_OBJC_IMPLICIT_RETAIN_SELF = YES;
				CLANG_WARN_OBJC_LITERAL_CONVERSION = YES;
				CLANG_WARN_OBJC_ROOT_CLASS = YES_ERROR;
				CLANG_WARN_RANGE_LOOP_ANALYSIS = YES;
				CLANG_WARN_STRICT_PROTOTYPES = YES;
				CLANG_WARN_SUSPICIOUS_MOVE = YES;
				CLANG_WARN_UNGUARDED_AVAILABILITY = YES_AGGRESSIVE;
				CLANG_WARN_UNREACHABLE_CODE = YES;
				CLANG_WARN__DUPLICATE_METHOD_MATCH = YES;
				CODE_SIGN_IDENTITY = "iPhone Developer";
				COPY_PHASE_STRIP = NO;
				DEBUG_INFORMATION_FORMAT = dwarf;
				ENABLE_STRICT_OBJC_MSGSEND = YES;
				ENABLE_TESTABILITY = YES;
				GCC_C_LANGUAGE_STANDARD = gnu11;
				GCC_DYNAMIC_NO_PIC = NO;
				GCC_NO_COMMON_BLOCKS = YES;
				GCC_OPTIMIZATION_LEVEL = 0;
				GCC_PREPROCESSOR_DEFINITIONS = (
					"DEBUG=1",
					"$(inherited)",
				);
				GCC_WARN_64_TO_32_BIT_CONVERSION = YES;
				GCC_WARN_ABOUT_RETURN_TYPE = YES_ERROR;
				GCC_WARN_UNDECLARED_SELECTOR = YES;
				GCC_WARN_UNINITIALIZED_AUTOS = YES_AGGRESSIVE;
				GCC_WARN_UNUSED_FUNCTION = YES;
				GCC_WARN_UNUSED_VARIABLE = YES;
				IPHONEOS_DEPLOYMENT_TARGET = 12.2;
				MTL_ENABLE_DEBUG_INFO = INCLUDE_SOURCE;
				MTL_FAST_MATH = YES;
				ONLY_ACTIVE_ARCH = YES;
				SDKROOT = iphoneos;
			};
			name = Debug;
		};
		179B656722963F7A00924F61 /* Release */ = {
			isa = XCBuildConfiguration;
			buildSettings = {
				ALWAYS_SEARCH_USER_PATHS = NO;
				CLANG_ANALYZER_NONNULL = YES;
				CLANG_ANALYZER_NUMBER_OBJECT_CONVERSION = YES_AGGRESSIVE;
				CLANG_CXX_LANGUAGE_STANDARD = "gnu++14";
				CLANG_CXX_LIBRARY = "libc++";
				CLANG_ENABLE_MODULES = YES;
				CLANG_ENABLE_OBJC_ARC = YES;
				CLANG_ENABLE_OBJC_WEAK = YES;
				CLANG_WARN_BLOCK_CAPTURE_AUTORELEASING = YES;
				CLANG_WARN_BOOL_CONVERSION = YES;
				CLANG_WARN_COMMA = YES;
				CLANG_WARN_CONSTANT_CONVERSION = YES;
				CLANG_WARN_DEPRECATED_OBJC_IMPLEMENTATIONS = YES;
				CLANG_WARN_DIRECT_OBJC_ISA_USAGE = YES_ERROR;
				CLANG_WARN_DOCUMENTATION_COMMENTS = YES;
				CLANG_WARN_EMPTY_BODY = YES;
				CLANG_WARN_ENUM_CONVERSION = YES;
				CLANG_WARN_INFINITE_RECURSION = YES;
				CLANG_WARN_INT_CONVERSION = YES;
				CLANG_WARN_NON_LITERAL_NULL_CONVERSION = YES;
				CLANG_WARN_OBJC_IMPLICIT_RETAIN_SELF = YES;
				CLANG_WARN_OBJC_LITERAL_CONVERSION = YES;
				CLANG_WARN_OBJC_ROOT_CLASS = YES_ERROR;
				CLANG_WARN_RANGE_LOOP_ANALYSIS = YES;
				CLANG_WARN_STRICT_PROTOTYPES = YES;
				CLANG_WARN_SUSPICIOUS_MOVE = YES;
				CLANG_WARN_UNGUARDED_AVAILABILITY = YES_AGGRESSIVE;
				CLANG_WARN_UNREACHABLE_CODE = YES;
				CLANG_WARN__DUPLICATE_METHOD_MATCH = YES;
				CODE_SIGN_IDENTITY = "iPhone Developer";
				COPY_PHASE_STRIP = NO;
				DEBUG_INFORMATION_FORMAT = "dwarf-with-dsym";
				ENABLE_NS_ASSERTIONS = NO;
				ENABLE_STRICT_OBJC_MSGSEND = YES;
				GCC_C_LANGUAGE_STANDARD = gnu11;
				GCC_NO_COMMON_BLOCKS = YES;
				GCC_WARN_64_TO_32_BIT_CONVERSION = YES;
				GCC_WARN_ABOUT_RETURN_TYPE = YES_ERROR;
				GCC_WARN_UNDECLARED_SELECTOR = YES;
				GCC_WARN_UNINITIALIZED_AUTOS = YES_AGGRESSIVE;
				GCC_WARN_UNUSED_FUNCTION = YES;
				GCC_WARN_UNUSED_VARIABLE = YES;
				IPHONEOS_DEPLOYMENT_TARGET = 12.2;
				MTL_ENABLE_DEBUG_INFO = NO;
				MTL_FAST_MATH = YES;
				SDKROOT = iphoneos;
				VALIDATE_PRODUCT = YES;
			};
			name = Release;
		};
		179B656922963F7A00924F61 /* Debug */ = {
			isa = XCBuildConfiguration;
			buildSettings = {
				ASSETCATALOG_COMPILER_APPICON_NAME = AppIcon;
				CODE_SIGN_STYLE = Automatic;
				DEVELOPMENT_TEAM = NTR5SMTC54;
				INFOPLIST_FILE = HXWUploadMutableFilesTool/Info.plist;
				LD_RUNPATH_SEARCH_PATHS = (
					"$(inherited)",
					"@executable_path/Frameworks",
				);
				PRODUCT_BUNDLE_IDENTIFIER = xinwenhu.com.HXWUploadMutableFilesTool;
				PRODUCT_NAME = "$(TARGET_NAME)";
				TARGETED_DEVICE_FAMILY = "1,2";
			};
			name = Debug;
		};
		179B656A22963F7A00924F61 /* Release */ = {
			isa = XCBuildConfiguration;
			buildSettings = {
				ASSETCATALOG_COMPILER_APPICON_NAME = AppIcon;
				CODE_SIGN_STYLE = Automatic;
				DEVELOPMENT_TEAM = NTR5SMTC54;
				INFOPLIST_FILE = HXWUploadMutableFilesTool/Info.plist;
				LD_RUNPATH_SEARCH_PATHS = (
					"$(inherited)",
					"@executable_path/Frameworks",
				);
				PRODUCT_BUNDLE_IDENTIFIER = xinwenhu.com.HXWUploadMutableFilesTool;
				PRODUCT_NAME = "$(TARGET_NAME)";
				TARGETED_DEVICE_FAMILY = "1,2";
			};
			name = Release;
		};
/* End XCBuildConfiguration section */

/* Begin XCConfigurationList section */
		179B654D22963F7900924F61 /* Build configuration list for PBXProject "HXWUploadMutableFilesTool" */ = {
			isa = XCConfigurationList;
			buildConfigurations = (
				179B656622963F7A00924F61 /* Debug */,
				179B656722963F7A00924F61 /* Release */,
			);
			defaultConfigurationIsVisible = 0;
			defaultConfigurationName = Release;
		};
		179B656822963F7A00924F61 /* Build configuration list for PBXNativeTarget "HXWUploadMutableFilesTool" */ = {
			isa = XCConfigurationList;
			buildConfigurations = (
				179B656922963F7A00924F61 /* Debug */,
				179B656A22963F7A00924F61 /* Release */,
			);
			defaultConfigurationIsVisible = 0;
			defaultConfigurationName = Release;
		};
/* End XCConfigurationList section */
	};
	rootObject = 179B654A22963F7900924F61 /* Project object */;
}
